{
    "_meta": {
        "hash": {
            "sha256": "85bc3a3c7abbd0029c8621535909def58f29a01d4bee9f5b4837259995cbfa27"
        },
        "pipfile-spec": 6,
        "requires": {
            "python_version": "3.12"
        },
        "sources": [
            {
                "name": "pypi",
                "url": "https://pypi.org/simple",
                "verify_ssl": true
            }
        ]
    },
    "default": {
        "slack-sdk": {
            "hashes": [
                "sha256:5e109847f6b6a22d227609226ba4ed936109dc00675bddeb7e0bee502d3ee7e0",
                "sha256:9f30cb3c9c07b441c49d53fc27f9f1837ad1592a7e9d4ca431f53cdad8826cc6"
            ],
            "index": "pypi",
            "markers": "python_version >= '3.6'",
            "version": "==3.33.4"
        }
    },
    "develop": {}
}
